<?xml version="1.0" encoding="utf-8"?>
<Project ToolsVersion="4.0" xmlns="http://schemas.microsoft.com/developer/msbuild/2003">
  <ItemGroup>
    <ClCompile Include="stdafx.cpp">
      <Filter>Source Files</Filter>
    </ClCompile>
    <ClCompile Include="py_annlearn.cpp">
      <Filter>Source Files</Filter>
    </ClCompile>
  </ItemGroup>
  <ItemGroup>
    <ClInclude Include="classifier\base.hpp">
      <Filter>Header Files\classifier</Filter>
    </ClInclude>
    <ClInclude Include="stdafx.hpp">
      <Filter>Header Files</Filter>
    </ClInclude>
    <ClInclude Include="convert.hpp">
      <Filter>Header Files</Filter>
    </ClInclude>
    <ClInclude Include="classifier\backprop_net.hpp">
      <Filter>Header Files\classifier</Filter>
    </ClInclude>
  </ItemGroup>
  <ItemGroup>
    <Filter Include="Header Files">
      <UniqueIdentifier>{f68e7a97-ef7e-49e5-8b1a-13b7ab6e79c2}</UniqueIdentifier>
    </Filter>
    <Filter Include="Source Files">
      <UniqueIdentifier>{9d8313d1-dd6a-41ad-a6e5-f990d9869468}</UniqueIdentifier>
    </Filter>
    <Filter Include="Header Files\classifier">
      <UniqueIdentifier>{26a0858b-89ad-4dbd-8f56-02fc6ee4b1a3}</UniqueIdentifier>
    </Filter>
  </ItemGroup>
</Project>